<?xml version="1.0" encoding="utf-8"?>
<Project ToolsVersion="4.0" xmlns="http://schemas.microsoft.com/developer/msbuild/2003">
  <ItemGroup>
    <Filter Include="Source Files">
      <UniqueIdentifier>{4FC737F1-C7A5-4376-A066-2A32D752A2FF}</UniqueIdentifier>
      <Extensions>cpp;c;cc;cxx;def;odl;idl;hpj;bat;asm;asmx</Extensions>
    </Filter>
    <Filter Include="Source Files\Units">
      <UniqueIdentifier>{2f7921c1-850c-46a9-b4dc-c432f2e2035a}</UniqueIdentifier>
    </Filter>
    <Filter Include="Source Files\UI">
      <UniqueIdentifier>{143999bc-fbcb-49e5-94ff-af5a8cd8f3db}</UniqueIdentifier>
    </Filter>
    <Filter Include="Source Files\Util">
      <UniqueIdentifier>{cb1798b8-810c-4dcd-965d-2760903e9b0e}</UniqueIdentifier>
    </Filter>
    <Filter Include="Shaders">
      <UniqueIdentifier>{90a4d059-8463-4abc-a923-8f7e46eb2037}</UniqueIdentifier>
    </Filter>
    <Filter Include="Source Files\Action">
      <UniqueIdentifier>{094d96f1-cc7d-4832-b628-0dc3da25f3fc}</UniqueIdentifier>
    </Filter>
  </ItemGroup>
  <ItemGroup>
    <ClCompile Include="Game.cpp">
      <Filter>Source Files</Filter>
    </ClCompile>
    <ClCompile Include="Main.cpp">
      <Filter>Source Files</Filter>
    </ClCompile>
    <ClCompile Include="Unit.cpp">
      <Filter>Source Files\Units</Filter>
    </ClCompile>
    <ClCompile Include="PlayerUnit.cpp">
      <Filter>Source Files\Units</Filter>
    </ClCompile>
    <ClCompile Include="DogUnit.cpp">
      <Filter>Source Files\Units</Filter>
    </ClCompile>
    <ClCompile Include="UIScreen.cpp">
      <Filter>Source Files\UI</Filter>
    </ClCompile>
    <ClCompile Include="TextRenderer.cpp">
      <Filter>Source Files\UI</Filter>
    </ClCompile>
    <ClCompile Include="Shader.cpp">
      <Filter>Source Files\Util</Filter>
    </ClCompile>
    <ClCompile Include="SlashAttack.cpp">
      <Filter>Source Files\Action</Filter>
    </ClCompile>
    <ClCompile Include="Test.cpp">
      <Filter>Source Files</Filter>
    </ClCompile>
  </ItemGroup>
  <ItemGroup>
    <ClInclude Include="Game.h">
      <Filter>Source Files</Filter>
    </ClInclude>
    <ClInclude Include="Unit.h">
      <Filter>Source Files\Units</Filter>
    </ClInclude>
    <ClInclude Include="PlayerUnit.h">
      <Filter>Source Files\Units</Filter>
    </ClInclude>
    <ClInclude Include="DogUnit.h">
      <Filter>Source Files\Units</Filter>
    </ClInclude>
    <ClInclude Include="UIScreen.h">
      <Filter>Source Files\UI</Filter>
    </ClInclude>
    <ClInclude Include="TextRenderer.h">
      <Filter>Source Files\UI</Filter>
    </ClInclude>
    <ClInclude Include="Shader.h">
      <Filter>Source Files\Util</Filter>
    </ClInclude>
    <ClInclude Include="resource.h" />
    <ClInclude Include="SlashAttack.h">
      <Filter>Source Files\Action</Filter>
    </ClInclude>
    <ClInclude Include="Test.h">
      <Filter>Source Files</Filter>
    </ClInclude>
  </ItemGroup>
  <ItemGroup>
    <ResourceCompile Include="Game.rc" />
  </ItemGroup>
  <ItemGroup>
    <Text Include="attack.vert">
      <Filter>Shaders</Filter>
    </Text>
    <Text Include="attack.frag">
      <Filter>Shaders</Filter>
    </Text>
  </ItemGroup>
</Project>